
Microsoft Visual Studio Solution File, Format Version 12.00
# Visual Studio Version 16
VisualStudioVersion = 16.0.29728.190
MinimumVisualStudioVersion = 10.0.40219.1
Project("{9A19103F-16F7-4668-BE54-9A1E7A4F7556}") = "AgroVeterinariaSoft", "AgroVeterinariaSoft.csproj", "{599DB37D-202E-4D93-87B1-84DB9903385D}"
EndProject
Project("{9A19103F-16F7-4668-BE54-9A1E7A4F7556}") = "AgroVeterinariaSoftTests", "..\AgroVeterinariaSoftTests\AgroVeterinariaSoftTests.csproj", "{5533EB71-F8BC-4772-A1A2-C4409E5CF1B9}"
EndProject
Global
	GlobalSection(SolutionConfigurationPlatforms) = preSolution
		Debug|Any CPU = Debug|Any CPU
		Release|Any CPU = Release|Any CPU
	EndGlobalSection
	GlobalSection(ProjectConfigurationPlatforms) = postSolution
		{599DB37D-202E-4D93-87B1-84DB9903385D}.Debug|Any CPU.ActiveCfg = Debug|Any CPU
		{599DB37D-202E-4D93-87B1-84DB9903385D}.Debug|Any CPU.Build.0 = Debug|Any CPU
		{599DB37D-202E-4D93-87B1-84DB9903385D}.Release|Any CPU.ActiveCfg = Release|Any CPU
		{599DB37D-202E-4D93-87B1-84DB9903385D}.Release|Any CPU.Build.0 = Release|Any CPU
		{5533EB71-F8BC-4772-A1A2-C4409E5CF1B9}.Debug|Any CPU.ActiveCfg = Debug|Any CPU
		{5533EB71-F8BC-4772-A1A2-C4409E5CF1B9}.Debug|Any CPU.Build.0 = Debug|Any CPU
		{5533EB71-F8BC-4772-A1A2-C4409E5CF1B9}.Release|Any CPU.ActiveCfg = Release|Any CPU
		{5533EB71-F8BC-4772-A1A2-C4409E5CF1B9}.Release|Any CPU.Build.0 = Release|Any CPU
	EndGlobalSection
	GlobalSection(SolutionProperties) = preSolution
		HideSolutionNode = FALSE
	EndGlobalSection
	GlobalSection(ExtensibilityGlobals) = postSolution
		SolutionGuid = {DCCCF9C3-0225-43B4-8CDE-715AB0B35AF7}
	EndGlobalSection
EndGlobal
